
Microsoft Visual Studio Solution File, Format Version 12.00
# Visual Studio Version 16
VisualStudioVersion = 16.0.29009.5
MinimumVisualStudioVersion = 10.0.40219.1
Project("{FAE04EC0-301F-11D3-BF4B-00C04F79EFBC}") = "PayrollManagementSystem", "PayrollManagementSystem.csproj", "{D59589DB-56DF-4B88-9AE4-41EEFA9B9CE0}"
EndProject
Global
	GlobalSection(SolutionConfigurationPlatforms) = preSolution
		Debug|Any CPU = Debug|Any CPU
		Release|Any CPU = Release|Any CPU
	EndGlobalSection
	GlobalSection(ProjectConfigurationPlatforms) = postSolution
		{D59589DB-56DF-4B88-9AE4-41EEFA9B9CE0}.Debug|Any CPU.ActiveCfg = Debug|Any CPU
		{D59589DB-56DF-4B88-9AE4-41EEFA9B9CE0}.Debug|Any CPU.Build.0 = Debug|Any CPU
		{D59589DB-56DF-4B88-9AE4-41EEFA9B9CE0}.Release|Any CPU.ActiveCfg = Release|Any CPU
		{D59589DB-56DF-4B88-9AE4-41EEFA9B9CE0}.Release|Any CPU.Build.0 = Release|Any CPU
	EndGlobalSection
	GlobalSection(SolutionProperties) = preSolution
		HideSolutionNode = FALSE
	EndGlobalSection
	GlobalSection(ExtensibilityGlobals) = postSolution
		SolutionGuid = {D61702E1-D5B6-4D5D-AD4F-24C90EDBC1DF}
	EndGlobalSection
EndGlobal
